
Microsoft Visual Studio Solution File, Format Version 12.00
# Visual Studio 14
VisualStudioVersion = 14.0.25420.1
MinimumVisualStudioVersion = 10.0.40219.1
Project("{FAE04EC0-301F-11D3-BF4B-00C04F79EFBC}") = "HistoryQuest.Web", "HistoryQuest.Web\HistoryQuest.Web.csproj", "{5E9A3C84-D660-4D1E-B36A-1A313F9A7E2F}"
EndProject
Project("{FAE04EC0-301F-11D3-BF4B-00C04F79EFBC}") = "HistoryQuest.Domain", "HistoryQuest.Domain\HistoryQuest.Domain.csproj", "{EBC7E579-EC78-4870-B7F5-7809A3A09DEE}"
EndProject
Project("{00D1A9C2-B5F0-4AF3-8072-F6C62B433612}") = "HistoryQuest.DataBase", "HistoryQuest.DataBase\HistoryQuest.DataBase.sqlproj", "{B02AB88C-0567-47C9-99BC-BE9290282822}"
EndProject
Global
	GlobalSection(SolutionConfigurationPlatforms) = preSolution
		Debug|Any CPU = Debug|Any CPU
		Release|Any CPU = Release|Any CPU
	EndGlobalSection
	GlobalSection(ProjectConfigurationPlatforms) = postSolution
		{5E9A3C84-D660-4D1E-B36A-1A313F9A7E2F}.Debug|Any CPU.ActiveCfg = Debug|Any CPU
		{5E9A3C84-D660-4D1E-B36A-1A313F9A7E2F}.Debug|Any CPU.Build.0 = Debug|Any CPU
		{5E9A3C84-D660-4D1E-B36A-1A313F9A7E2F}.Release|Any CPU.ActiveCfg = Release|Any CPU
		{5E9A3C84-D660-4D1E-B36A-1A313F9A7E2F}.Release|Any CPU.Build.0 = Release|Any CPU
		{EBC7E579-EC78-4870-B7F5-7809A3A09DEE}.Debug|Any CPU.ActiveCfg = Debug|Any CPU
		{EBC7E579-EC78-4870-B7F5-7809A3A09DEE}.Debug|Any CPU.Build.0 = Debug|Any CPU
		{EBC7E579-EC78-4870-B7F5-7809A3A09DEE}.Release|Any CPU.ActiveCfg = Release|Any CPU
		{EBC7E579-EC78-4870-B7F5-7809A3A09DEE}.Release|Any CPU.Build.0 = Release|Any CPU
		{B02AB88C-0567-47C9-99BC-BE9290282822}.Debug|Any CPU.ActiveCfg = Debug|Any CPU
		{B02AB88C-0567-47C9-99BC-BE9290282822}.Debug|Any CPU.Build.0 = Debug|Any CPU
		{B02AB88C-0567-47C9-99BC-BE9290282822}.Debug|Any CPU.Deploy.0 = Debug|Any CPU
		{B02AB88C-0567-47C9-99BC-BE9290282822}.Release|Any CPU.ActiveCfg = Release|Any CPU
		{B02AB88C-0567-47C9-99BC-BE9290282822}.Release|Any CPU.Build.0 = Release|Any CPU
		{B02AB88C-0567-47C9-99BC-BE9290282822}.Release|Any CPU.Deploy.0 = Release|Any CPU
	EndGlobalSection
	GlobalSection(SolutionProperties) = preSolution
		HideSolutionNode = FALSE
	EndGlobalSection
EndGlobal
